
Microsoft Visual Studio Solution File, Format Version 12.00
# Visual Studio Version 17
VisualStudioVersion = 17.9.34622.214
MinimumVisualStudioVersion = 10.0.40219.1
Project("{FAE04EC0-301F-11D3-BF4B-00C04F79EFBC}") = "Clsses c#", "Clsses c#\Clsses c#.csproj", "{86189041-8835-44F9-B62D-1A1B45E1175B}"
EndProject
Global
	GlobalSection(SolutionConfigurationPlatforms) = preSolution
		Debug|Any CPU = Debug|Any CPU
		Release|Any CPU = Release|Any CPU
	EndGlobalSection
	GlobalSection(ProjectConfigurationPlatforms) = postSolution
		{86189041-8835-44F9-B62D-1A1B45E1175B}.Debug|Any CPU.ActiveCfg = Debug|Any CPU
		{86189041-8835-44F9-B62D-1A1B45E1175B}.Debug|Any CPU.Build.0 = Debug|Any CPU
		{86189041-8835-44F9-B62D-1A1B45E1175B}.Release|Any CPU.ActiveCfg = Release|Any CPU
		{86189041-8835-44F9-B62D-1A1B45E1175B}.Release|Any CPU.Build.0 = Release|Any CPU
	EndGlobalSection
	GlobalSection(SolutionProperties) = preSolution
		HideSolutionNode = FALSE
	EndGlobalSection
	GlobalSection(ExtensibilityGlobals) = postSolution
		SolutionGuid = {746ADC68-0EA4-4CEB-981F-8D2842759974}
	EndGlobalSection
EndGlobal
